
Microsoft Visual Studio Solution File, Format Version 12.00
# Visual Studio Version 16
VisualStudioVersion = 16.0.30413.136
MinimumVisualStudioVersion = 10.0.40219.1
Project("{FAE04EC0-301F-11D3-BF4B-00C04F79EFBC}") = "AES-256", "AES-256\AES-256.csproj", "{A721233C-18D3-4186-BB61-7C729BADD13B}"
EndProject
Global
	GlobalSection(SolutionConfigurationPlatforms) = preSolution
		Debug|Any CPU = Debug|Any CPU
		Release|Any CPU = Release|Any CPU
	EndGlobalSection
	GlobalSection(ProjectConfigurationPlatforms) = postSolution
		{A721233C-18D3-4186-BB61-7C729BADD13B}.Debug|Any CPU.ActiveCfg = Debug|Any CPU
		{A721233C-18D3-4186-BB61-7C729BADD13B}.Debug|Any CPU.Build.0 = Debug|Any CPU
		{A721233C-18D3-4186-BB61-7C729BADD13B}.Release|Any CPU.ActiveCfg = Release|Any CPU
		{A721233C-18D3-4186-BB61-7C729BADD13B}.Release|Any CPU.Build.0 = Release|Any CPU
	EndGlobalSection
	GlobalSection(SolutionProperties) = preSolution
		HideSolutionNode = FALSE
	EndGlobalSection
	GlobalSection(ExtensibilityGlobals) = postSolution
		SolutionGuid = {3CE61E25-38B1-455C-BAE9-87EDF15533F8}
	EndGlobalSection
EndGlobal
