
Microsoft Visual Studio Solution File, Format Version 12.00
# Visual Studio Version 16
VisualStudioVersion = 16.0.30413.136
MinimumVisualStudioVersion = 10.0.40219.1
Project("{FAE04EC0-301F-11D3-BF4B-00C04F79EFBC}") = "SHA-3", "SHA-3\SHA-3.csproj", "{D832A15A-74C3-4AC4-963E-D4ED49CD11B1}"
EndProject
Global
	GlobalSection(SolutionConfigurationPlatforms) = preSolution
		Debug|Any CPU = Debug|Any CPU
		Release|Any CPU = Release|Any CPU
	EndGlobalSection
	GlobalSection(ProjectConfigurationPlatforms) = postSolution
		{D832A15A-74C3-4AC4-963E-D4ED49CD11B1}.Debug|Any CPU.ActiveCfg = Debug|Any CPU
		{D832A15A-74C3-4AC4-963E-D4ED49CD11B1}.Debug|Any CPU.Build.0 = Debug|Any CPU
		{D832A15A-74C3-4AC4-963E-D4ED49CD11B1}.Release|Any CPU.ActiveCfg = Release|Any CPU
		{D832A15A-74C3-4AC4-963E-D4ED49CD11B1}.Release|Any CPU.Build.0 = Release|Any CPU
	EndGlobalSection
	GlobalSection(SolutionProperties) = preSolution
		HideSolutionNode = FALSE
	EndGlobalSection
	GlobalSection(ExtensibilityGlobals) = postSolution
		SolutionGuid = {09763ECB-74D1-4C57-8630-9E30120738E3}
	EndGlobalSection
EndGlobal
